b5cc47f4322a53acfdc2f31a2298d6ec78217a848c9bb385f4c717d2a02663cce807f1fcf82d132f9bb018ca6738a19f78217a848c9bb385f4c717d2a02663cc78217a848c9bb385f4c717d2a02663ccc6d9e5f8fc4d1555657cf9c856d94e1149da54f68c724d822fa5b4cffd64c80d4b88bba4f8ed2466e415a1097f36558749da54f68c724d822fa5b4cffd64c80d19f60d9539cac4b9632d46bfafc41d98